
Microsoft Visual Studio Solution File, Format Version 12.00
# Visual Studio Version 17
VisualStudioVersion = 17.1.32210.238
MinimumVisualStudioVersion = 10.0.40219.1
Project("{9A19103F-16F7-4668-BE54-9A1E7A4F7556}") = "GeneralPractice", "GeneralPractice\GeneralPractice.csproj", "{929EE8CC-0E81-4D78-9F67-F3E8F44D92FD}"
EndProject
Project("{9A19103F-16F7-4668-BE54-9A1E7A4F7556}") = "Utils", "Utils\Utils.csproj", "{7FBED20A-5160-4B80-A413-A4225F2DEE57}"
EndProject
Global
	GlobalSection(SolutionConfigurationPlatforms) = preSolution
		Debug|Any CPU = Debug|Any CPU
		Release|Any CPU = Release|Any CPU
	EndGlobalSection
	GlobalSection(ProjectConfigurationPlatforms) = postSolution
		{929EE8CC-0E81-4D78-9F67-F3E8F44D92FD}.Debug|Any CPU.ActiveCfg = Debug|Any CPU
		{929EE8CC-0E81-4D78-9F67-F3E8F44D92FD}.Debug|Any CPU.Build.0 = Debug|Any CPU
		{929EE8CC-0E81-4D78-9F67-F3E8F44D92FD}.Release|Any CPU.ActiveCfg = Release|Any CPU
		{929EE8CC-0E81-4D78-9F67-F3E8F44D92FD}.Release|Any CPU.Build.0 = Release|Any CPU
		{7FBED20A-5160-4B80-A413-A4225F2DEE57}.Debug|Any CPU.ActiveCfg = Debug|Any CPU
		{7FBED20A-5160-4B80-A413-A4225F2DEE57}.Debug|Any CPU.Build.0 = Debug|Any CPU
		{7FBED20A-5160-4B80-A413-A4225F2DEE57}.Release|Any CPU.ActiveCfg = Release|Any CPU
		{7FBED20A-5160-4B80-A413-A4225F2DEE57}.Release|Any CPU.Build.0 = Release|Any CPU
	EndGlobalSection
	GlobalSection(SolutionProperties) = preSolution
		HideSolutionNode = FALSE
	EndGlobalSection
	GlobalSection(ExtensibilityGlobals) = postSolution
		SolutionGuid = {A8746527-29D1-463D-8DF6-A24CA33316F7}
	EndGlobalSection
EndGlobal
